{
  "name": "foodanalysis",
  "version": "1.0.0",
  "lockfileVersion": 2,
  "requires": true,
  "packages": {
    "": {
      "name": "foodanalysis",
      "version": "1.0.0",
      "license": "ISC",
      "dependencies": {
        "miniprogram-wecalendar": "^1.3.0",
        "mp-progress": "^1.2.14",
        "tdesign-miniprogram": "^1.2.6",
        "weui-miniprogram": "^1.3.1"
      }
    },
    "node_modules/dayjs": {
      "version": "1.11.10",
      "resolved": "https://registry.npmmirror.com/dayjs/-/dayjs-1.11.10.tgz",
      "integrity": "sha512-vjAczensTgRcqDERK0SR2XMwsF/tSvnvlv6VcF2GIhg6Sx4yOIt/irsr1RDJsKiIyBzJDpCoXiWWq28MqH2cnQ=="
    },
    "node_modules/miniprogram-wecalendar": {
      "version": "1.3.0",
      "resolved": "https://registry.npmmirror.com/miniprogram-wecalendar/-/miniprogram-wecalendar-1.3.0.tgz",
      "integrity": "sha512-YzsWTr/H/Dal9RJR5pdZmkB/vz3GMa/Ys+kbDs5uxXOlUJyNy7FDM0ILK//HGB/GXHArq41aycNyQLJwzpmUog==",
      "engines": {
        "node": "^18.15.0"
      }
    },
    "node_modules/mp-progress": {
      "version": "1.2.14",
      "resolved": "https://registry.npmmirror.com/mp-progress/-/mp-progress-1.2.14.tgz",
      "integrity": "sha512-lYJyRIYsc/XjuD1KOMbMBlaHhJdsfFY+7VZ3xJnB5FE4q2HIjvYHhnThy6bVmfIh4dCxnImZuMjsrhGBRlG94w=="
    },
    "node_modules/tdesign-miniprogram": {
      "version": "1.2.6",
      "resolved": "https://registry.npmmirror.com/tdesign-miniprogram/-/tdesign-miniprogram-1.2.6.tgz",
      "integrity": "sha512-uz8pc0RaTbvIKgnx3Dk0OAkQo8LRwMk+20opinEfzX+qlnAy89/2FG+1G3Ie+lHkncvLFMPfPRG1UyBCZhn+ZQ==",
      "dependencies": {
        "dayjs": "^1.10.7"
      }
    },
    "node_modules/weui-miniprogram": {
      "version": "1.3.1",
      "resolved": "https://registry.npmmirror.com/weui-miniprogram/-/weui-miniprogram-1.3.1.tgz",
      "integrity": "sha512-nTrnStV3Abvg6tMAxRUll6+6emUHJkviOX1g0etoy2/cMh4IiaK+skZHeAZN9bX8fzrUaRe3Z1J3htkM7wYWHQ=="
    }
  },
  "dependencies": {
    "dayjs": {
      "version": "1.11.10",
      "resolved": "https://registry.npmmirror.com/dayjs/-/dayjs-1.11.10.tgz",
      "integrity": "sha512-vjAczensTgRcqDERK0SR2XMwsF/tSvnvlv6VcF2GIhg6Sx4yOIt/irsr1RDJsKiIyBzJDpCoXiWWq28MqH2cnQ=="
    },
    "miniprogram-wecalendar": {
      "version": "1.3.0",
      "resolved": "https://registry.npmmirror.com/miniprogram-wecalendar/-/miniprogram-wecalendar-1.3.0.tgz",
      "integrity": "sha512-YzsWTr/H/Dal9RJR5pdZmkB/vz3GMa/Ys+kbDs5uxXOlUJyNy7FDM0ILK//HGB/GXHArq41aycNyQLJwzpmUog=="
    },
    "mp-progress": {
      "version": "1.2.14",
      "resolved": "https://registry.npmmirror.com/mp-progress/-/mp-progress-1.2.14.tgz",
      "integrity": "sha512-lYJyRIYsc/XjuD1KOMbMBlaHhJdsfFY+7VZ3xJnB5FE4q2HIjvYHhnThy6bVmfIh4dCxnImZuMjsrhGBRlG94w=="
    },
    "tdesign-miniprogram": {
      "version": "1.2.6",
      "resolved": "https://registry.npmmirror.com/tdesign-miniprogram/-/tdesign-miniprogram-1.2.6.tgz",
      "integrity": "sha512-uz8pc0RaTbvIKgnx3Dk0OAkQo8LRwMk+20opinEfzX+qlnAy89/2FG+1G3Ie+lHkncvLFMPfPRG1UyBCZhn+ZQ==",
      "requires": {
        "dayjs": "^1.10.7"
      }
    },
    "weui-miniprogram": {
      "version": "1.3.1",
      "resolved": "https://registry.npmmirror.com/weui-miniprogram/-/weui-miniprogram-1.3.1.tgz",
      "integrity": "sha512-nTrnStV3Abvg6tMAxRUll6+6emUHJkviOX1g0etoy2/cMh4IiaK+skZHeAZN9bX8fzrUaRe3Z1J3htkM7wYWHQ=="
    }
  }
}
